<?xml version="1.0" encoding="utf-8"?>
<Project ToolsVersion="4.0" xmlns="http://schemas.microsoft.com/developer/msbuild/2003">
  <ItemGroup>
    <Filter Include="Source Files">
      <UniqueIdentifier>{4FC737F1-C7A5-4376-A066-2A32D752A2FF}</UniqueIdentifier>
      <Extensions>cpp;c;cc;cxx;def;odl;idl;hpj;bat;asm;asmx</Extensions>
    </Filter>
    <Filter Include="Header Files">
      <UniqueIdentifier>{93995380-89BD-4b04-88EB-625FBE52EBFB}</UniqueIdentifier>
      <Extensions>h;hh;hpp;hxx;hm;inl;inc;xsd</Extensions>
    </Filter>
    <Filter Include="Resource Files">
      <UniqueIdentifier>{67DA6AB6-F800-4c08-8B7A-83BB121AAD01}</UniqueIdentifier>
      <Extensions>rc;ico;cur;bmp;dlg;rc2;rct;bin;rgs;gif;jpg;jpeg;jpe;resx;tiff;tif;png;wav;mfcribbon-ms</Extensions>
    </Filter>
    <Filter Include="SpatialAlgs">
      <UniqueIdentifier>{0cddfc8e-60b3-40a9-b337-737aa8d51915}</UniqueIdentifier>
    </Filter>
  </ItemGroup>
  <ItemGroup>
    <ClInclude Include="Crystallite3.h">
      <Filter>Header Files</Filter>
    </ClInclude>
    <ClInclude Include="Edge3.h">
      <Filter>Header Files</Filter>
    </ClInclude>
    <ClInclude Include="Facet3.h">
      <Filter>Header Files</Filter>
    </ClInclude>
    <ClInclude Include="Polycrystal3.h">
      <Filter>Header Files</Filter>
    </ClInclude>
    <ClInclude Include="ShellEdge3.h">
      <Filter>Header Files</Filter>
    </ClInclude>
    <ClInclude Include="ShellFacet3.h">
      <Filter>Header Files</Filter>
    </ClInclude>
    <ClInclude Include="ShellVertex3.h">
      <Filter>Header Files</Filter>
    </ClInclude>
    <ClInclude Include="Simplex3.h">
      <Filter>Header Files</Filter>
    </ClInclude>
    <ClInclude Include="Timer.h">
      <Filter>Header Files</Filter>
    </ClInclude>
    <ClInclude Include="unique_ptr_helper.h">
      <Filter>Header Files</Filter>
    </ClInclude>
    <ClInclude Include="Vertex3.h">
      <Filter>Header Files</Filter>
    </ClInclude>
    <ClInclude Include="Definitions.h">
      <Filter>Header Files</Filter>
    </ClInclude>
    <ClInclude Include="Inclusions.h">
      <Filter>Header Files</Filter>
    </ClInclude>
    <ClInclude Include="Vector3.h">
      <Filter>SpatialAlgs</Filter>
    </ClInclude>
    <ClInclude Include="PolycrystalTriangulation.h">
      <Filter>Header Files</Filter>
    </ClInclude>
  </ItemGroup>
  <ItemGroup>
    <ClCompile Include="Crystallite3.cpp">
      <Filter>Source Files</Filter>
    </ClCompile>
    <ClCompile Include="Edge3.cpp">
      <Filter>Source Files</Filter>
    </ClCompile>
    <ClCompile Include="Facet3.cpp">
      <Filter>Source Files</Filter>
    </ClCompile>
    <ClCompile Include="main.cpp">
      <Filter>Source Files</Filter>
    </ClCompile>
    <ClCompile Include="Polycrystal3.cpp">
      <Filter>Source Files</Filter>
    </ClCompile>
    <ClCompile Include="ShellEdge3.cpp">
      <Filter>Source Files</Filter>
    </ClCompile>
    <ClCompile Include="ShellFacet3.cpp">
      <Filter>Source Files</Filter>
    </ClCompile>
    <ClCompile Include="ShellVertex3.cpp">
      <Filter>Source Files</Filter>
    </ClCompile>
    <ClCompile Include="Simplex3.cpp">
      <Filter>Source Files</Filter>
    </ClCompile>
    <ClCompile Include="Timer.cpp">
      <Filter>Source Files</Filter>
    </ClCompile>
    <ClCompile Include="Vertex3.cpp">
      <Filter>Source Files</Filter>
    </ClCompile>
    <ClCompile Include="Vector3.cpp">
      <Filter>SpatialAlgs</Filter>
    </ClCompile>
    <ClCompile Include="PolycrystalTriangulation.cpp">
      <Filter>Source Files</Filter>
    </ClCompile>
  </ItemGroup>
</Project>