<?xml version="1.0" encoding="utf-8"?>
<Project ToolsVersion="4.0" xmlns="http://schemas.microsoft.com/developer/msbuild/2003">
  <ItemGroup>
    <Filter Include="polyspt">
      <UniqueIdentifier>{cb390e96-4a64-43eb-becd-c92e2d503775}</UniqueIdentifier>
    </Filter>
    <Filter Include="mesher">
      <UniqueIdentifier>{b44ef386-459e-4e20-9c7a-f944b377a419}</UniqueIdentifier>
    </Filter>
    <Filter Include="polyspt\mesh">
      <UniqueIdentifier>{4f4dde17-5b64-438b-b7d8-691b364beabd}</UniqueIdentifier>
    </Filter>
    <Filter Include="polyspt\indexed_mesh">
      <UniqueIdentifier>{33739631-19af-4a29-9720-664125dc661f}</UniqueIdentifier>
    </Filter>
    <Filter Include="polyspt\simplex">
      <UniqueIdentifier>{f6f2d7d8-a7c9-4790-97e7-1ff0c7d648e6}</UniqueIdentifier>
    </Filter>
  </ItemGroup>
  <ItemGroup>
    <ClCompile Include="polyspt\algs.cpp">
      <Filter>polyspt</Filter>
    </ClCompile>
    <ClCompile Include="main.cpp" />
  </ItemGroup>
  <ItemGroup>
    <ClInclude Include="polyspt\algs.h">
      <Filter>polyspt</Filter>
    </ClInclude>
    <ClInclude Include="polyspt\cell.h">
      <Filter>polyspt</Filter>
    </ClInclude>
    <ClInclude Include="polyspt\dion.h">
      <Filter>polyspt</Filter>
    </ClInclude>
    <ClInclude Include="polyspt\edge.h">
      <Filter>polyspt</Filter>
    </ClInclude>
    <ClInclude Include="polyspt\face.h">
      <Filter>polyspt</Filter>
    </ClInclude>
    <ClInclude Include="polyspt\monon.h">
      <Filter>polyspt</Filter>
    </ClInclude>
    <ClInclude Include="polyspt\polygon.h">
      <Filter>polyspt</Filter>
    </ClInclude>
    <ClInclude Include="polyspt\polyhedron.h">
      <Filter>polyspt</Filter>
    </ClInclude>
    <ClInclude Include="polyspt\polytope-base.h">
      <Filter>polyspt</Filter>
    </ClInclude>
    <ClInclude Include="polyspt\simplex.h">
      <Filter>polyspt</Filter>
    </ClInclude>
    <ClInclude Include="polyspt\vec.h">
      <Filter>polyspt</Filter>
    </ClInclude>
    <ClInclude Include="polyspt\vertex.h">
      <Filter>polyspt</Filter>
    </ClInclude>
    <ClInclude Include="polyspt\indexed_mesh.h">
      <Filter>polyspt</Filter>
    </ClInclude>
    <ClInclude Include="polyspt\mesh.h">
      <Filter>polyspt</Filter>
    </ClInclude>
    <ClInclude Include="polyspt\polytope.h">
      <Filter>polyspt</Filter>
    </ClInclude>
    <ClInclude Include="mesher\algs.h">
      <Filter>mesher</Filter>
    </ClInclude>
    <ClInclude Include="mesher\front_edge.h">
      <Filter>mesher</Filter>
    </ClInclude>
    <ClInclude Include="mesher\front_face.h">
      <Filter>mesher</Filter>
    </ClInclude>
    <ClInclude Include="mesher\front_vertex.h">
      <Filter>mesher</Filter>
    </ClInclude>
    <ClInclude Include="mesher\genparams.h">
      <Filter>mesher</Filter>
    </ClInclude>
    <ClInclude Include="mesher\mesher.h">
      <Filter>mesher</Filter>
    </ClInclude>
    <ClInclude Include="mesher\mesher-base.h">
      <Filter>mesher</Filter>
    </ClInclude>
    <ClInclude Include="mesher\mesher-simplex.h">
      <Filter>mesher</Filter>
    </ClInclude>
    <ClInclude Include="polyspt\indexed_mesh\indexed_mesh-base.h">
      <Filter>polyspt\indexed_mesh</Filter>
    </ClInclude>
    <ClInclude Include="polyspt\indexed_mesh\indexed_mesh-polytope.h">
      <Filter>polyspt\indexed_mesh</Filter>
    </ClInclude>
    <ClInclude Include="polyspt\indexed_mesh\indexed_mesh-simplex.h">
      <Filter>polyspt\indexed_mesh</Filter>
    </ClInclude>
    <ClInclude Include="polyspt\mesh\mesh-base.h">
      <Filter>polyspt\mesh</Filter>
    </ClInclude>
    <ClInclude Include="polyspt\mesh\mesh-polytope.h">
      <Filter>polyspt\mesh</Filter>
    </ClInclude>
    <ClInclude Include="polyspt\mesh\mesh-simplex.h">
      <Filter>polyspt\mesh</Filter>
    </ClInclude>
    <ClInclude Include="polyspt\simplex\simplex-2.h">
      <Filter>polyspt\simplex</Filter>
    </ClInclude>
    <ClInclude Include="polyspt\simplex\simplex-3.h">
      <Filter>polyspt\simplex</Filter>
    </ClInclude>
    <ClInclude Include="polyspt\simplex\simplex-base.h">
      <Filter>polyspt\simplex</Filter>
    </ClInclude>
    <ClInclude Include="polyspt\mat.h">
      <Filter>polyspt</Filter>
    </ClInclude>
  </ItemGroup>
</Project>